// !$*UTF8*$!
{
	archiveVersion = 1;
	classes = {
	};
	objectVersion = 56;
	objects = {

/* Begin PBXBuildFile section */
		CEBC2AA229238AA600313339 /* AppDelegate.swift in Sources */ = {isa = PBXBuildFile; fileRef = CEBC2AA129238AA600313339 /* AppDelegate.swift */; };
		CEBC2AA429238AA600313339 /* SceneDelegate.swift in Sources */ = {isa = PBXBuildFile; fileRef = CEBC2AA329238AA600313339 /* SceneDelegate.swift */; };
		CEBC2AA629238AA600313339 /* ViewController.swift in Sources */ = {isa = PBXBuildFile; fileRef = CEBC2AA529238AA600313339 /* ViewController.swift */; };
		CEBC2AA929238AA600313339 /* Main.storyboard in Resources */ = {isa = PBXBuildFile; fileRef = CEBC2AA729238AA600313339 /* Main.storyboard */; };
		CEBC2AAB29238AA800313339 /* Assets.xcassets in Resources */ = {isa = PBXBuildFile; fileRef = CEBC2AAA29238AA800313339 /* Assets.xcassets */; };
		CEBC2AAE29238AA800313339 /* LaunchScreen.storyboard in Resources */ = {isa = PBXBuildFile; fileRef = CEBC2AAC29238AA800313339 /* LaunchScreen.storyboard */; };
		CEBC2AB929238AA800313339 /* carouselViewTests.swift in Sources */ = {isa = PBXBuildFile; fileRef = CEBC2AB829238AA800313339 /* carouselViewTests.swift */; };
		CEBC2AC329238AA800313339 /* carouselViewUITests.swift in Sources */ = {isa = PBXBuildFile; fileRef = CEBC2AC229238AA800313339 /* carouselViewUITests.swift */; };
		CEBC2AC529238AA800313339 /* carouselViewUITestsLaunchTests.swift in Sources */ = {isa = PBXBuildFile; fileRef = CEBC2AC429238AA800313339 /* carouselViewUITestsLaunchTests.swift */; };
/* End PBXBuildFile section */

/* Begin PBXContainerItemProxy section */
		CEBC2AB529238AA800313339 /* PBXContainerItemProxy */ = {
			isa = PBXContainerItemProxy;
			containerPortal = CEBC2A9629238AA600313339 /* Project object */;
			proxyType = 1;
			remoteGlobalIDString = CEBC2A9D29238AA600313339;
			remoteInfo = carouselView;
		};
		CEBC2ABF29238AA800313339 /* PBXContainerItemProxy */ = {
			isa = PBXContainerItemProxy;
			containerPortal = CEBC2A9629238AA600313339 /* Project object */;
			proxyType = 1;
			remoteGlobalIDString = CEBC2A9D29238AA600313339;
			remoteInfo = carouselView;
		};
/* End PBXContainerItemProxy section */

/* Begin PBXFileReference section */
		CEBC2A9E29238AA600313339 /* carouselView.app */ = {isa = PBXFileReference; explicitFileType = wrapper.application; includeInIndex = 0; path = carouselView.app; sourceTree = BUILT_PRODUCTS_DIR; };
		CEBC2AA129238AA600313339 /* AppDelegate.swift */ = {isa = PBXFileReference; lastKnownFileType = sourcecode.swift; path = AppDelegate.swift; sourceTree = "<group>"; };
		CEBC2AA329238AA600313339 /* SceneDelegate.swift */ = {isa = PBXFileReference; lastKnownFileType = sourcecode.swift; path = SceneDelegate.swift; sourceTree = "<group>"; };
		CEBC2AA529238AA600313339 /* ViewController.swift */ = {isa = PBXFileReference; lastKnownFileType = sourcecode.swift; path = ViewController.swift; sourceTree = "<group>"; };
		CEBC2AA829238AA600313339 /* Base */ = {isa = PBXFileReference; lastKnownFileType = file.storyboard; name = Base; path = Base.lproj/Main.storyboard; sourceTree = "<group>"; };
		CEBC2AAA29238AA800313339 /* Assets.xcassets */ = {isa = PBXFileReference; lastKnownFileType = folder.assetcatalog; path = Assets.xcassets; sourceTree = "<group>"; };
		CEBC2AAD29238AA800313339 /* Base */ = {isa = PBXFileReference; lastKnownFileType = file.storyboard; name = Base; path = Base.lproj/LaunchScreen.storyboard; sourceTree = "<group>"; };
		CEBC2AAF29238AA800313339 /* Info.plist */ = {isa = PBXFileReference; lastKnownFileType = text.plist.xml; path = Info.plist; sourceTree = "<group>"; };
		CEBC2AB429238AA800313339 /* carouselViewTests.xctest */ = {isa = PBXFileReference; explicitFileType = wrapper.cfbundle; includeInIndex = 0; path = carouselViewTests.xctest; sourceTree = BUILT_PRODUCTS_DIR; };
		CEBC2AB829238AA800313339 /* carouselViewTests.swift */ = {isa = PBXFileReference; lastKnownFileType = sourcecode.swift; path = carouselViewTests.swift; sourceTree = "<group>"; };
		CEBC2ABE29238AA800313339 /* carouselViewUITests.xctest */ = {isa = PBXFileReference; explicitFileType = wrapper.cfbundle; includeInIndex = 0; path = carouselViewUITests.xctest; sourceTree = BUILT_PRODUCTS_DIR; };
		CEBC2AC229238AA800313339 /* carouselViewUITests.swift */ = {isa = PBXFileReference; lastKnownFileType = sourcecode.swift; path = carouselViewUITests.swift; sourceTree = "<group>"; };
		CEBC2AC429238AA800313339 /* carouselViewUITestsLaunchTests.swift */ = {isa = PBXFileReference; lastKnownFileType = sourcecode.swift; path = carouselViewUITestsLaunchTests.swift; sourceTree = "<group>"; };
/* End PBXFileReference section */

/* Begin PBXFrameworksBuildPhase section */
		CEBC2A9B29238AA600313339 /* Frameworks */ = {
			isa = PBXFrameworksBuildPhase;
			buildActionMask = 2147483647;
			files = (
			);
			runOnlyForDeploymentPostprocessing = 0;
		};
		CEBC2AB129238AA800313339 /* Frameworks */ = {
			isa = PBXFrameworksBuildPhase;
			buildActionMask = 2147483647;
			files = (
			);
			runOnlyForDeploymentPostprocessing = 0;
		};
		CEBC2ABB29238AA800313339 /* Frameworks */ = {
			isa = PBXFrameworksBuildPhase;
			buildActionMask = 2147483647;
			files = (
			);
			runOnlyForDeploymentPostprocessing = 0;
		};
/* End PBXFrameworksBuildPhase section */

/* Begin PBXGroup section */
		CEBC2A9529238AA600313339 = {
			isa = PBXGroup;
			children = (
				CEBC2AA029238AA600313339 /* carouselView */,
				CEBC2AB729238AA800313339 /* carouselViewTests */,
				CEBC2AC129238AA800313339 /* carouselViewUITests */,
				CEBC2A9F29238AA600313339 /* Products */,
			);
			sourceTree = "<group>";
		};
		CEBC2A9F29238AA600313339 /* Products */ = {
			isa = PBXGroup;
			children = (
				CEBC2A9E29238AA600313339 /* carouselView.app */,
				CEBC2AB429238AA800313339 /* carouselViewTests.xctest */,
				CEBC2ABE29238AA800313339 /* carouselViewUITests.xctest */,
			);
			name = Products;
			sourceTree = "<group>";
		};
		CEBC2AA029238AA600313339 /* carouselView */ = {
			isa = PBXGroup;
			children = (
				CEBC2AA129238AA600313339 /* AppDelegate.swift */,
				CEBC2AA329238AA600313339 /* SceneDelegate.swift */,
				CEBC2AA529238AA600313339 /* ViewController.swift */,
				CEBC2AA729238AA600313339 /* Main.storyboard */,
				CEBC2AAA29238AA800313339 /* Assets.xcassets */,
				CEBC2AAC29238AA800313339 /* LaunchScreen.storyboard */,
				CEBC2AAF29238AA800313339 /* Info.plist */,
			);
			path = carouselView;
			sourceTree = "<group>";
		};
		CEBC2AB729238AA800313339 /* carouselViewTests */ = {
			isa = PBXGroup;
			children = (
				CEBC2AB829238AA800313339 /* carouselViewTests.swift */,
			);
			path = carouselViewTests;
			sourceTree = "<group>";
		};
		CEBC2AC129238AA800313339 /* carouselViewUITests */ = {
			isa = PBXGroup;
			children = (
				CEBC2AC229238AA800313339 /* carouselViewUITests.swift */,
				CEBC2AC429238AA800313339 /* carouselViewUITestsLaunchTests.swift */,
			);
			path = carouselViewUITests;
			sourceTree = "<group>";
		};
/* End PBXGroup section */

/* Begin PBXNativeTarget section */
		CEBC2A9D29238AA600313339 /* carouselView */ = {
			isa = PBXNativeTarget;
			buildConfigurationList = CEBC2AC829238AA800313339 /* Build configuration list for PBXNativeTarget "carouselView" */;
			buildPhases = (
				CEBC2A9A29238AA600313339 /* Sources */,
				CEBC2A9B29238AA600313339 /* Frameworks */,
				CEBC2A9C29238AA600313339 /* Resources */,
			);
			buildRules = (
			);
			dependencies = (
			);
			name = carouselView;
			productName = carouselView;
			productReference = CEBC2A9E29238AA600313339 /* carouselView.app */;
			productType = "com.apple.product-type.application";
		};
		CEBC2AB329238AA800313339 /* carouselViewTests */ = {
			isa = PBXNativeTarget;
			buildConfigurationList = CEBC2ACB29238AA800313339 /* Build configuration list for PBXNativeTarget "carouselViewTests" */;
			buildPhases = (
				CEBC2AB029238AA800313339 /* Sources */,
				CEBC2AB129238AA800313339 /* Frameworks */,
				CEBC2AB229238AA800313339 /* Resources */,
			);
			buildRules = (
			);
			dependencies = (
				CEBC2AB629238AA800313339 /* PBXTargetDependency */,
			);
			name = carouselViewTests;
			productName = carouselViewTests;
			productReference = CEBC2AB429238AA800313339 /* carouselViewTests.xctest */;
			productType = "com.apple.product-type.bundle.unit-test";
		};
		CEBC2ABD29238AA800313339 /* carouselViewUITests */ = {
			isa = PBXNativeTarget;
			buildConfigurationList = CEBC2ACE29238AA800313339 /* Build configuration list for PBXNativeTarget "carouselViewUITests" */;
			buildPhases = (
				CEBC2ABA29238AA800313339 /* Sources */,
				CEBC2ABB29238AA800313339 /* Frameworks */,
				CEBC2ABC29238AA800313339 /* Resources */,
			);
			buildRules = (
			);
			dependencies = (
				CEBC2AC029238AA800313339 /* PBXTargetDependency */,
			);
			name = carouselViewUITests;
			productName = carouselViewUITests;
			productReference = CEBC2ABE29238AA800313339 /* carouselViewUITests.xctest */;
			productType = "com.apple.product-type.bundle.ui-testing";
		};
/* End PBXNativeTarget section */

/* Begin PBXProject section */
		CEBC2A9629238AA600313339 /* Project object */ = {
			isa = PBXProject;
			attributes = {
				BuildIndependentTargetsInParallel = 1;
				LastSwiftUpdateCheck = 1400;
				LastUpgradeCheck = 1400;
				TargetAttributes = {
					CEBC2A9D29238AA600313339 = {
						CreatedOnToolsVersion = 14.0.1;
					};
					CEBC2AB329238AA800313339 = {
						CreatedOnToolsVersion = 14.0.1;
						TestTargetID = CEBC2A9D29238AA600313339;
					};
					CEBC2ABD29238AA800313339 = {
						CreatedOnToolsVersion = 14.0.1;
						TestTargetID = CEBC2A9D29238AA600313339;
					};
				};
			};
			buildConfigurationList = CEBC2A9929238AA600313339 /* Build configuration list for PBXProject "carouselView" */;
			compatibilityVersion = "Xcode 14.0";
			developmentRegion = en;
			hasScannedForEncodings = 0;
			knownRegions = (
				en,
				Base,
			);
			mainGroup = CEBC2A9529238AA600313339;
			productRefGroup = CEBC2A9F29238AA600313339 /* Products */;
			projectDirPath = "";
			projectRoot = "";
			targets = (
				CEBC2A9D29238AA600313339 /* carouselView */,
				CEBC2AB329238AA800313339 /* carouselViewTests */,
				CEBC2ABD29238AA800313339 /* carouselViewUITests */,
			);
		};
/* End PBXProject section */

/* Begin PBXResourcesBuildPhase section */
		CEBC2A9C29238AA600313339 /* Resources */ = {
			isa = PBXResourcesBuildPhase;
			buildActionMask = 2147483647;
			files = (
				CEBC2AAE29238AA800313339 /* LaunchScreen.storyboard in Resources */,
				CEBC2AAB29238AA800313339 /* Assets.xcassets in Resources */,
				CEBC2AA929238AA600313339 /* Main.storyboard in Resources */,
			);
			runOnlyForDeploymentPostprocessing = 0;
		};
		CEBC2AB229238AA800313339 /* Resources */ = {
			isa = PBXResourcesBuildPhase;
			buildActionMask = 2147483647;
			files = (
			);
			runOnlyForDeploymentPostprocessing = 0;
		};
		CEBC2ABC29238AA800313339 /* Resources */ = {
			isa = PBXResourcesBuildPhase;
			buildActionMask = 2147483647;
			files = (
			);
			runOnlyForDeploymentPostprocessing = 0;
		};
/* End PBXResourcesBuildPhase section */

/* Begin PBXSourcesBuildPhase section */
		CEBC2A9A29238AA600313339 /* Sources */ = {
			isa = PBXSourcesBuildPhase;
			buildActionMask = 2147483647;
			files = (
				CEBC2AA629238AA600313339 /* ViewController.swift in Sources */,
				CEBC2AA229238AA600313339 /* AppDelegate.swift in Sources */,
				CEBC2AA429238AA600313339 /* SceneDelegate.swift in Sources */,
			);
			runOnlyForDeploymentPostprocessing = 0;
		};
		CEBC2AB029238AA800313339 /* Sources */ = {
			isa = PBXSourcesBuildPhase;
			buildActionMask = 2147483647;
			files = (
				CEBC2AB929238AA800313339 /* carouselViewTests.swift in Sources */,
			);
			runOnlyForDeploymentPostprocessing = 0;
		};
		CEBC2ABA29238AA800313339 /* Sources */ = {
			isa = PBXSourcesBuildPhase;
			buildActionMask = 2147483647;
			files = (
				CEBC2AC329238AA800313339 /* carouselViewUITests.swift in Sources */,
				CEBC2AC529238AA800313339 /* carouselViewUITestsLaunchTests.swift in Sources */,
			);
			runOnlyForDeploymentPostprocessing = 0;
		};
/* End PBXSourcesBuildPhase section */

/* Begin PBXTargetDependency section */
		CEBC2AB629238AA800313339 /* PBXTargetDependency */ = {
			isa = PBXTargetDependency;
			target = CEBC2A9D29238AA600313339 /* carouselView */;
			targetProxy = CEBC2AB529238AA800313339 /* PBXContainerItemProxy */;
		};
		CEBC2AC029238AA800313339 /* PBXTargetDependency */ = {
			isa = PBXTargetDependency;
			target = CEBC2A9D29238AA600313339 /* carouselView */;
			targetProxy = CEBC2ABF29238AA800313339 /* PBXContainerItemProxy */;
		};
/* End PBXTargetDependency section */

/* Begin PBXVariantGroup section */
		CEBC2AA729238AA600313339 /* Main.storyboard */ = {
			isa = PBXVariantGroup;
			children = (
				CEBC2AA829238AA600313339 /* Base */,
			);
			name = Main.storyboard;
			sourceTree = "<group>";
		};
		CEBC2AAC29238AA800313339 /* LaunchScreen.storyboard */ = {
			isa = PBXVariantGroup;
			children = (
				CEBC2AAD29238AA800313339 /* Base */,
			);
			name = LaunchScreen.storyboard;
			sourceTree = "<group>";
		};
/* End PBXVariantGroup section */

/* Begin XCBuildConfiguration section */
		CEBC2AC629238AA800313339 /* Debug */ = {
			isa = XCBuildConfiguration;
			buildSettings = {
				ALWAYS_SEARCH_USER_PATHS = NO;
				CLANG_ANALYZER_NONNULL = YES;
				CLANG_ANALYZER_NUMBER_OBJECT_CONVERSION = YES_AGGRESSIVE;
				CLANG_CXX_LANGUAGE_STANDARD = "gnu++20";
				CLANG_ENABLE_MODULES = YES;
				CLANG_ENABLE_OBJC_ARC = YES;
				CLANG_ENABLE_OBJC_WEAK = YES;
				CLANG_WARN_BLOCK_CAPTURE_AUTORELEASING = YES;
				CLANG_WARN_BOOL_CONVERSION = YES;
				CLANG_WARN_COMMA = YES;
				CLANG_WARN_CONSTANT_CONVERSION = YES;
				CLANG_WARN_DEPRECATED_OBJC_IMPLEMENTATIONS = YES;
				CLANG_WARN_DIRECT_OBJC_ISA_USAGE = YES_ERROR;
				CLANG_WARN_DOCUMENTATION_COMMENTS = YES;
				CLANG_WARN_EMPTY_BODY = YES;
				CLANG_WARN_ENUM_CONVERSION = YES;
				CLANG_WARN_INFINITE_RECURSION = YES;
				CLANG_WARN_INT_CONVERSION = YES;
				CLANG_WARN_NON_LITERAL_NULL_CONVERSION = YES;
				CLANG_WARN_OBJC_IMPLICIT_RETAIN_SELF = YES;
				CLANG_WARN_OBJC_LITERAL_CONVERSION = YES;
				CLANG_WARN_OBJC_ROOT_CLASS = YES_ERROR;
				CLANG_WARN_QUOTED_INCLUDE_IN_FRAMEWORK_HEADER = YES;
				CLANG_WARN_RANGE_LOOP_ANALYSIS = YES;
				CLANG_WARN_STRICT_PROTOTYPES = YES;
				CLANG_WARN_SUSPICIOUS_MOVE = YES;
				CLANG_WARN_UNGUARDED_AVAILABILITY = YES_AGGRESSIVE;
				CLANG_WARN_UNREACHABLE_CODE = YES;
				CLANG_WARN__DUPLICATE_METHOD_MATCH = YES;
				COPY_PHASE_STRIP = NO;
				DEBUG_INFORMATION_FORMAT = dwarf;
				ENABLE_STRICT_OBJC_MSGSEND = YES;
				ENABLE_TESTABILITY = YES;
				GCC_C_LANGUAGE_STANDARD = gnu11;
				GCC_DYNAMIC_NO_PIC = NO;
				GCC_NO_COMMON_BLOCKS = YES;
				GCC_OPTIMIZATION_LEVEL = 0;
				GCC_PREPROCESSOR_DEFINITIONS = (
					"DEBUG=1",
					"$(inherited)",
				);
				GCC_WARN_64_TO_32_BIT_CONVERSION = YES;
				GCC_WARN_ABOUT_RETURN_TYPE = YES_ERROR;
				GCC_WARN_UNDECLARED_SELECTOR = YES;
				GCC_WARN_UNINITIALIZED_AUTOS = YES_AGGRESSIVE;
				GCC_WARN_UNUSED_FUNCTION = YES;
				GCC_WARN_UNUSED_VARIABLE = YES;
				IPHONEOS_DEPLOYMENT_TARGET = 16.0;
				MTL_ENABLE_DEBUG_INFO = INCLUDE_SOURCE;
				MTL_FAST_MATH = YES;
				ONLY_ACTIVE_ARCH = YES;
				SDKROOT = iphoneos;
				SWIFT_ACTIVE_COMPILATION_CONDITIONS = DEBUG;
				SWIFT_OPTIMIZATION_LEVEL = "-Onone";
			};
			name = Debug;
		};
		CEBC2AC729238AA800313339 /* Release */ = {
			isa = XCBuildConfiguration;
			buildSettings = {
				ALWAYS_SEARCH_USER_PATHS = NO;
				CLANG_ANALYZER_NONNULL = YES;
				CLANG_ANALYZER_NUMBER_OBJECT_CONVERSION = YES_AGGRESSIVE;
				CLANG_CXX_LANGUAGE_STANDARD = "gnu++20";
				CLANG_ENABLE_MODULES = YES;
				CLANG_ENABLE_OBJC_ARC = YES;
				CLANG_ENABLE_OBJC_WEAK = YES;
				CLANG_WARN_BLOCK_CAPTURE_AUTORELEASING = YES;
				CLANG_WARN_BOOL_CONVERSION = YES;
				CLANG_WARN_COMMA = YES;
				CLANG_WARN_CONSTANT_CONVERSION = YES;
				CLANG_WARN_DEPRECATED_OBJC_IMPLEMENTATIONS = YES;
				CLANG_WARN_DIRECT_OBJC_ISA_USAGE = YES_ERROR;
				CLANG_WARN_DOCUMENTATION_COMMENTS = YES;
				CLANG_WARN_EMPTY_BODY = YES;
				CLANG_WARN_ENUM_CONVERSION = YES;
				CLANG_WARN_INFINITE_RECURSION = YES;
				CLANG_WARN_INT_CONVERSION = YES;
				CLANG_WARN_NON_LITERAL_NULL_CONVERSION = YES;
				CLANG_WARN_OBJC_IMPLICIT_RETAIN_SELF = YES;
				CLANG_WARN_OBJC_LITERAL_CONVERSION = YES;
				CLANG_WARN_OBJC_ROOT_CLASS = YES_ERROR;
				CLANG_WARN_QUOTED_INCLUDE_IN_FRAMEWORK_HEADER = YES;
				CLANG_WARN_RANGE_LOOP_ANALYSIS = YES;
				CLANG_WARN_STRICT_PROTOTYPES = YES;
				CLANG_WARN_SUSPICIOUS_MOVE = YES;
				CLANG_WARN_UNGUARDED_AVAILABILITY = YES_AGGRESSIVE;
				CLANG_WARN_UNREACHABLE_CODE = YES;
				CLANG_WARN__DUPLICATE_METHOD_MATCH = YES;
				COPY_PHASE_STRIP = NO;
				DEBUG_INFORMATION_FORMAT = "dwarf-with-dsym";
				ENABLE_NS_ASSERTIONS = NO;
				ENABLE_STRICT_OBJC_MSGSEND = YES;
				GCC_C_LANGUAGE_STANDARD = gnu11;
				GCC_NO_COMMON_BLOCKS = YES;
				GCC_WARN_64_TO_32_BIT_CONVERSION = YES;
				GCC_WARN_ABOUT_RETURN_TYPE = YES_ERROR;
				GCC_WARN_UNDECLARED_SELECTOR = YES;
				GCC_WARN_UNINITIALIZED_AUTOS = YES_AGGRESSIVE;
				GCC_WARN_UNUSED_FUNCTION = YES;
				GCC_WARN_UNUSED_VARIABLE = YES;
				IPHONEOS_DEPLOYMENT_TARGET = 16.0;
				MTL_ENABLE_DEBUG_INFO = NO;
				MTL_FAST_MATH = YES;
				SDKROOT = iphoneos;
				SWIFT_COMPILATION_MODE = wholemodule;
				SWIFT_OPTIMIZATION_LEVEL = "-O";
				VALIDATE_PRODUCT = YES;
			};
			name = Release;
		};
		CEBC2AC929238AA800313339 /* Debug */ = {
			isa = XCBuildConfiguration;
			buildSettings = {
				ASSETCATALOG_COMPILER_APPICON_NAME = AppIcon;
				ASSETCATALOG_COMPILER_GLOBAL_ACCENT_COLOR_NAME = AccentColor;
				CODE_SIGN_STYLE = Automatic;
				CURRENT_PROJECT_VERSION = 1;
				GENERATE_INFOPLIST_FILE = YES;
				INFOPLIST_FILE = carouselView/Info.plist;
				INFOPLIST_KEY_UIApplicationSupportsIndirectInputEvents = YES;
				INFOPLIST_KEY_UILaunchStoryboardName = LaunchScreen;
				INFOPLIST_KEY_UIMainStoryboardFile = Main;
				INFOPLIST_KEY_UISupportedInterfaceOrientations_iPad = "UIInterfaceOrientationPortrait UIInterfaceOrientationPortraitUpsideDown UIInterfaceOrientationLandscapeLeft UIInterfaceOrientationLandscapeRight";
				INFOPLIST_KEY_UISupportedInterfaceOrientations_iPhone = "UIInterfaceOrientationPortrait UIInterfaceOrientationLandscapeLeft UIInterfaceOrientationLandscapeRight";
				LD_RUNPATH_SEARCH_PATHS = (
					"$(inherited)",
					"@executable_path/Frameworks",
				);
				MARKETING_VERSION = 1.0;
				PRODUCT_BUNDLE_IDENTIFIER = com.Persistent.carouselView;
				PRODUCT_NAME = "$(TARGET_NAME)";
				SWIFT_EMIT_LOC_STRINGS = YES;
				SWIFT_VERSION = 5.0;
				TARGETED_DEVICE_FAMILY = "1,2";
			};
			name = Debug;
		};
		CEBC2ACA29238AA800313339 /* Release */ = {
			isa = XCBuildConfiguration;
			buildSettings = {
				ASSETCATALOG_COMPILER_APPICON_NAME = AppIcon;
				ASSETCATALOG_COMPILER_GLOBAL_ACCENT_COLOR_NAME = AccentColor;
				CODE_SIGN_STYLE = Automatic;
				CURRENT_PROJECT_VERSION = 1;
				GENERATE_INFOPLIST_FILE = YES;
				INFOPLIST_FILE = carouselView/Info.plist;
				INFOPLIST_KEY_UIApplicationSupportsIndirectInputEvents = YES;
				INFOPLIST_KEY_UILaunchStoryboardName = LaunchScreen;
				INFOPLIST_KEY_UIMainStoryboardFile = Main;
				INFOPLIST_KEY_UISupportedInterfaceOrientations_iPad = "UIInterfaceOrientationPortrait UIInterfaceOrientationPortraitUpsideDown UIInterfaceOrientationLandscapeLeft UIInterfaceOrientationLandscapeRight";
				INFOPLIST_KEY_UISupportedInterfaceOrientations_iPhone = "UIInterfaceOrientationPortrait UIInterfaceOrientationLandscapeLeft UIInterfaceOrientationLandscapeRight";
				LD_RUNPATH_SEARCH_PATHS = (
					"$(inherited)",
					"@executable_path/Frameworks",
				);
				MARKETING_VERSION = 1.0;
				PRODUCT_BUNDLE_IDENTIFIER = com.Persistent.carouselView;
				PRODUCT_NAME = "$(TARGET_NAME)";
				SWIFT_EMIT_LOC_STRINGS = YES;
				SWIFT_VERSION = 5.0;
				TARGETED_DEVICE_FAMILY = "1,2";
			};
			name = Release;
		};
		CEBC2ACC29238AA800313339 /* Debug */ = {
			isa = XCBuildConfiguration;
			buildSettings = {
				ALWAYS_EMBED_SWIFT_STANDARD_LIBRARIES = YES;
				BUNDLE_LOADER = "$(TEST_HOST)";
				CODE_SIGN_STYLE = Automatic;
				CURRENT_PROJECT_VERSION = 1;
				GENERATE_INFOPLIST_FILE = YES;
				IPHONEOS_DEPLOYMENT_TARGET = 16.0;
				MARKETING_VERSION = 1.0;
				PRODUCT_BUNDLE_IDENTIFIER = com.Persistent.carouselViewTests;
				PRODUCT_NAME = "$(TARGET_NAME)";
				SWIFT_EMIT_LOC_STRINGS = NO;
				SWIFT_VERSION = 5.0;
				TARGETED_DEVICE_FAMILY = "1,2";
				TEST_HOST = "$(BUILT_PRODUCTS_DIR)/carouselView.app/$(BUNDLE_EXECUTABLE_FOLDER_PATH)/carouselView";
			};
			name = Debug;
		};
		CEBC2ACD29238AA800313339 /* Release */ = {
			isa = XCBuildConfiguration;
			buildSettings = {
				ALWAYS_EMBED_SWIFT_STANDARD_LIBRARIES = YES;
				BUNDLE_LOADER = "$(TEST_HOST)";
				CODE_SIGN_STYLE = Automatic;
				CURRENT_PROJECT_VERSION = 1;
				GENERATE_INFOPLIST_FILE = YES;
				IPHONEOS_DEPLOYMENT_TARGET = 16.0;
				MARKETING_VERSION = 1.0;
				PRODUCT_BUNDLE_IDENTIFIER = com.Persistent.carouselViewTests;
				PRODUCT_NAME = "$(TARGET_NAME)";
				SWIFT_EMIT_LOC_STRINGS = NO;
				SWIFT_VERSION = 5.0;
				TARGETED_DEVICE_FAMILY = "1,2";
				TEST_HOST = "$(BUILT_PRODUCTS_DIR)/carouselView.app/$(BUNDLE_EXECUTABLE_FOLDER_PATH)/carouselView";
			};
			name = Release;
		};
		CEBC2ACF29238AA800313339 /* Debug */ = {
			isa = XCBuildConfiguration;
			buildSettings = {
				ALWAYS_EMBED_SWIFT_STANDARD_LIBRARIES = YES;
				CODE_SIGN_STYLE = Automatic;
				CURRENT_PROJECT_VERSION = 1;
				GENERATE_INFOPLIST_FILE = YES;
				MARKETING_VERSION = 1.0;
				PRODUCT_BUNDLE_IDENTIFIER = com.Persistent.carouselViewUITests;
				PRODUCT_NAME = "$(TARGET_NAME)";
				SWIFT_EMIT_LOC_STRINGS = NO;
				SWIFT_VERSION = 5.0;
				TARGETED_DEVICE_FAMILY = "1,2";
				TEST_TARGET_NAME = carouselView;
			};
			name = Debug;
		};
		CEBC2AD029238AA800313339 /* Release */ = {
			isa = XCBuildConfiguration;
			buildSettings = {
				ALWAYS_EMBED_SWIFT_STANDARD_LIBRARIES = YES;
				CODE_SIGN_STYLE = Automatic;
				CURRENT_PROJECT_VERSION = 1;
				GENERATE_INFOPLIST_FILE = YES;
				MARKETING_VERSION = 1.0;
				PRODUCT_BUNDLE_IDENTIFIER = com.Persistent.carouselViewUITests;
				PRODUCT_NAME = "$(TARGET_NAME)";
				SWIFT_EMIT_LOC_STRINGS = NO;
				SWIFT_VERSION = 5.0;
				TARGETED_DEVICE_FAMILY = "1,2";
				TEST_TARGET_NAME = carouselView;
			};
			name = Release;
		};
/* End XCBuildConfiguration section */

/* Begin XCConfigurationList section */
		CEBC2A9929238AA600313339 /* Build configuration list for PBXProject "carouselView" */ = {
			isa = XCConfigurationList;
			buildConfigurations = (
				CEBC2AC629238AA800313339 /* Debug */,
				CEBC2AC729238AA800313339 /* Release */,
			);
			defaultConfigurationIsVisible = 0;
			defaultConfigurationName = Release;
		};
		CEBC2AC829238AA800313339 /* Build configuration list for PBXNativeTarget "carouselView" */ = {
			isa = XCConfigurationList;
			buildConfigurations = (
				CEBC2AC929238AA800313339 /* Debug */,
				CEBC2ACA29238AA800313339 /* Release */,
			);
			defaultConfigurationIsVisible = 0;
			defaultConfigurationName = Release;
		};
		CEBC2ACB29238AA800313339 /* Build configuration list for PBXNativeTarget "carouselViewTests" */ = {
			isa = XCConfigurationList;
			buildConfigurations = (
				CEBC2ACC29238AA800313339 /* Debug */,
				CEBC2ACD29238AA800313339 /* Release */,
			);
			defaultConfigurationIsVisible = 0;
			defaultConfigurationName = Release;
		};
		CEBC2ACE29238AA800313339 /* Build configuration list for PBXNativeTarget "carouselViewUITests" */ = {
			isa = XCConfigurationList;
			buildConfigurations = (
				CEBC2ACF29238AA800313339 /* Debug */,
				CEBC2AD029238AA800313339 /* Release */,
			);
			defaultConfigurationIsVisible = 0;
			defaultConfigurationName = Release;
		};
/* End XCConfigurationList section */
	};
	rootObject = CEBC2A9629238AA600313339 /* Project object */;
}
